
Microsoft Visual Studio Solution File, Format Version 12.00
# Visual Studio Version 16
VisualStudioVersion = 16.0.30204.135
MinimumVisualStudioVersion = 10.0.40219.1
Project("{F184B08F-C81C-45F6-A57F-5ABD9991F28F}") = "demoapp", "demoapp\demoapp.vbproj", "{764E827C-A4EB-44D5-9D79-AE30F139CB39}"
EndProject
Global
	GlobalSection(SolutionConfigurationPlatforms) = preSolution
		Debug|Any CPU = Debug|Any CPU
		Release|Any CPU = Release|Any CPU
	EndGlobalSection
	GlobalSection(ProjectConfigurationPlatforms) = postSolution
		{764E827C-A4EB-44D5-9D79-AE30F139CB39}.Debug|Any CPU.ActiveCfg = Debug|Any CPU
		{764E827C-A4EB-44D5-9D79-AE30F139CB39}.Debug|Any CPU.Build.0 = Debug|Any CPU
		{764E827C-A4EB-44D5-9D79-AE30F139CB39}.Release|Any CPU.ActiveCfg = Release|Any CPU
		{764E827C-A4EB-44D5-9D79-AE30F139CB39}.Release|Any CPU.Build.0 = Release|Any CPU
	EndGlobalSection
	GlobalSection(SolutionProperties) = preSolution
		HideSolutionNode = FALSE
	EndGlobalSection
	GlobalSection(ExtensibilityGlobals) = postSolution
		SolutionGuid = {ADC60370-F1B7-484F-86D5-1A6E367A9EF1}
	EndGlobalSection
EndGlobal
